# THIS IS AN AUTOGENERATED FILE. DO NOT EDIT THIS FILE DIRECTLY.
# yarn lockfile v1


"@framer/asci.animate@^1.1.0":
  version "1.1.0"
  resolved "https://registry.framer.com/@framer/asci.animate/-/@framer/asci.animate-1.1.0.tgz#5d7cf2f1e6df192ef8e586db678fb3f964de4d20"

"@framer/bredowmax.togglebutton@^1.0.0":
  version "1.0.0"
  resolved "https://registry.framer.com/@framer/bredowmax.togglebutton/-/@framer/bredowmax.togglebutton-1.0.0.tgz#b9acb90ab9eec29fe8158c51ceb70661c8a6eaae"

"@framer/framer.device-skin-apple-iphone8-space-gray@^1.0.0":
  version "1.0.0"
  resolved "https://registry.framer.com/@framer/framer.device-skin-apple-iphone8-space-gray/-/@framer/framer.device-skin-apple-iphone8-space-gray-1.0.0.tgz#336e100533d33e4fc7cd10507ccf64a8bc96637a"

"@framer/google.material-design@^1.0.0":
  version "1.0.0"
  resolved "https://registry.framer.com/@framer/google.material-design/-/@framer/google.material-design-1.0.0.tgz#cc7f1df1783659972bffe7ba0e224489c6cc9113"
  dependencies:
    "@material/button" "^0.39.0"
    "@material/card" "^0.39.0"
    "@material/checkbox" "^0.39.1"
    "@material/fab" "^0.39.0"
    "@material/form-field" "^0.39.1"
    "@material/icon-button" "^0.39.0"
    "@material/react-button" "^0.4.2"
    "@material/react-material-icon" "^0.4.2"
    "@material/react-select" "^0.4.2"
    "@material/react-text-field" "^0.4.2"
    "@material/react-top-app-bar" "^0.4.2"
    "@material/ripple" "^0.39.0"
    "@material/select" "^0.39.1"
    "@material/slider" "^0.39.1"
    "@material/switch" "^0.39.1"
    "@material/textfield" "^0.39.1"
    "@material/typography" "^0.39.0"
    styled-components "^3.4.5"

"@framer/krijn.loading-indicators@^1.4.0":
  version "1.4.0"
  resolved "https://registry.framer.com/@framer/krijn.loading-indicators/-/@framer/krijn.loading-indicators-1.4.0.tgz#0ae8841ced28c77a228b688b0366340dc2e37cdb"

"@material/animation@^0.34.0":
  version "0.34.0"
  resolved "http://registry.npmjs.org/@material/animation/-/animation-0.34.0.tgz#a99cc9dabf7d0179b4da9a0aaa1575c4d1513823"

"@material/animation@^0.39.0":
  version "0.39.0"
  resolved "https://registry.yarnpkg.com/@material/animation/-/animation-0.39.0.tgz#d3d503c9f87ac1193dc4a5b0cccfaedb39478439"

"@material/base@^0.35.0":
  version "0.35.0"
  resolved "https://registry.yarnpkg.com/@material/base/-/base-0.35.0.tgz#8640c2da385e8cc393ff56153c5a319f5a7704cb"

"@material/base@^0.39.0":
  version "0.39.0"
  resolved "https://registry.yarnpkg.com/@material/base/-/base-0.39.0.tgz#ca451531cf438f51bf999ad7b96b5e8f3929e19a"

"@material/button@^0.38.1":
  version "0.38.1"
  resolved "https://registry.yarnpkg.com/@material/button/-/button-0.38.1.tgz#006fac3c4b11d4731f86b60994ad38ddfc29fca2"
  dependencies:
    "@material/elevation" "^0.38.0"
    "@material/ripple" "^0.38.1"
    "@material/rtl" "^0.36.0"
    "@material/theme" "^0.38.0"
    "@material/typography" "^0.38.0"

"@material/button@^0.39.0":
  version "0.39.3"
  resolved "https://registry.yarnpkg.com/@material/button/-/button-0.39.3.tgz#f2aaaac96932deeb692379a2379eca6eced918ac"
  dependencies:
    "@material/elevation" "^0.39.1"
    "@material/ripple" "^0.39.3"
    "@material/rtl" "^0.39.1"
    "@material/theme" "^0.39.1"
    "@material/typography" "^0.39.0"

"@material/card@^0.39.0":
  version "0.39.3"
  resolved "https://registry.yarnpkg.com/@material/card/-/card-0.39.3.tgz#bd66454ce3560adb9554b15a9e4d2284f17b9af5"
  dependencies:
    "@material/elevation" "^0.39.1"
    "@material/ripple" "^0.39.3"
    "@material/rtl" "^0.39.1"
    "@material/theme" "^0.39.1"

"@material/checkbox@^0.39.1":
  version "0.39.3"
  resolved "https://registry.yarnpkg.com/@material/checkbox/-/checkbox-0.39.3.tgz#4be6bffbe0b6bfcd987bbe9567d17a17738af9fa"
  dependencies:
    "@material/animation" "^0.39.0"
    "@material/base" "^0.39.0"
    "@material/ripple" "^0.39.3"
    "@material/rtl" "^0.39.1"
    "@material/selection-control" "^0.39.3"
    "@material/theme" "^0.39.1"

"@material/elevation@^0.38.0":
  version "0.38.0"
  resolved "https://registry.yarnpkg.com/@material/elevation/-/elevation-0.38.0.tgz#c7f8d0c9a28073b0ec62cb76248b76d5ff467bf8"
  dependencies:
    "@material/animation" "^0.34.0"
    "@material/theme" "^0.38.0"

"@material/elevation@^0.39.1":
  version "0.39.1"
  resolved "https://registry.yarnpkg.com/@material/elevation/-/elevation-0.39.1.tgz#43bb1fe6a0f71332ae11dc18505a8b7cec343dde"
  dependencies:
    "@material/animation" "^0.39.0"
    "@material/theme" "^0.39.1"

"@material/fab@^0.39.0":
  version "0.39.3"
  resolved "https://registry.yarnpkg.com/@material/fab/-/fab-0.39.3.tgz#bb38c5af34528afefb08e159bf6db7b8ee14e391"
  dependencies:
    "@material/animation" "^0.39.0"
    "@material/elevation" "^0.39.1"
    "@material/ripple" "^0.39.3"
    "@material/rtl" "^0.39.1"
    "@material/theme" "^0.39.1"
    "@material/typography" "^0.39.0"

"@material/floating-label@^0.38.0":
  version "0.38.0"
  resolved "https://registry.yarnpkg.com/@material/floating-label/-/floating-label-0.38.0.tgz#557771f8b9d05d0cd7ec6b3bb13ebb0d24d65ab5"
  dependencies:
    "@material/base" "^0.35.0"
    "@material/rtl" "^0.36.0"
    "@material/theme" "^0.38.0"
    "@material/typography" "^0.38.0"

"@material/floating-label@^0.39.1":
  version "0.39.1"
  resolved "https://registry.yarnpkg.com/@material/floating-label/-/floating-label-0.39.1.tgz#8e5f2144460086ee8d586d6715cf0ed1707d3406"
  dependencies:
    "@material/base" "^0.39.0"
    "@material/rtl" "^0.39.1"
    "@material/theme" "^0.39.1"
    "@material/typography" "^0.39.0"

"@material/form-field@^0.39.1":
  version "0.39.3"
  resolved "https://registry.yarnpkg.com/@material/form-field/-/form-field-0.39.3.tgz#bbd149a526bb0c297357d046662be5731d430350"
  dependencies:
    "@material/base" "^0.39.0"
    "@material/rtl" "^0.39.1"
    "@material/selection-control" "^0.39.3"
    "@material/theme" "^0.39.1"
    "@material/typography" "^0.39.0"

"@material/icon-button@^0.39.0":
  version "0.39.3"
  resolved "https://registry.yarnpkg.com/@material/icon-button/-/icon-button-0.39.3.tgz#389fb123c0c0923e05f6e6a6621b8f334fae4ce2"
  dependencies:
    "@material/base" "^0.39.0"
    "@material/ripple" "^0.39.3"
    "@material/theme" "^0.39.1"

"@material/line-ripple@^0.38.0":
  version "0.38.0"
  resolved "https://registry.yarnpkg.com/@material/line-ripple/-/line-ripple-0.38.0.tgz#e70fec82bfd0b718efcbc72c52210e45bd31bcf9"
  dependencies:
    "@material/animation" "^0.34.0"
    "@material/base" "^0.35.0"
    "@material/theme" "^0.38.0"

"@material/line-ripple@^0.39.3":
  version "0.39.3"
  resolved "https://registry.yarnpkg.com/@material/line-ripple/-/line-ripple-0.39.3.tgz#4db9d5ea56f5a4745704627d1e96008716fa471e"
  dependencies:
    "@material/animation" "^0.39.0"
    "@material/base" "^0.39.0"
    "@material/theme" "^0.39.1"

"@material/notched-outline@^0.38.0":
  version "0.38.0"
  resolved "https://registry.yarnpkg.com/@material/notched-outline/-/notched-outline-0.38.0.tgz#75ae05a79cdd6a3761d8ddf3afd763c1450c22c8"
  dependencies:
    "@material/animation" "^0.34.0"
    "@material/base" "^0.35.0"
    "@material/theme" "^0.38.0"

"@material/notched-outline@^0.39.1":
  version "0.39.1"
  resolved "https://registry.yarnpkg.com/@material/notched-outline/-/notched-outline-0.39.1.tgz#bd6d5adc2a0c5f63bb1ab4e1db7d43f37e488fa9"
  dependencies:
    "@material/animation" "^0.39.0"
    "@material/base" "^0.39.0"
    "@material/rtl" "^0.39.1"
    "@material/theme" "^0.39.1"

"@material/react-button@^0.4.2":
  version "0.4.2"
  resolved "https://registry.yarnpkg.com/@material/react-button/-/react-button-0.4.2.tgz#55f617f8a3aa589d1b0435e94ca603bf91c53e84"
  dependencies:
    "@material/button" "^0.38.1"
    "@material/react-ripple" "^0.4.2"
    classnames "^2.2.5"
    prop-types "^15.6.1"
    react "^16.3.2"

"@material/react-floating-label@^0.4.1":
  version "0.4.1"
  resolved "https://registry.yarnpkg.com/@material/react-floating-label/-/react-floating-label-0.4.1.tgz#a17f1eb74b53b860c385c1bc15378022d2628841"
  dependencies:
    "@material/floating-label" "^0.38.0"
    classnames "^2.2.5"
    prop-types "^15.6.1"
    react "^16.3.0"

"@material/react-line-ripple@^0.4.1":
  version "0.4.1"
  resolved "https://registry.yarnpkg.com/@material/react-line-ripple/-/react-line-ripple-0.4.1.tgz#4e07014c980f45a4c7212cd04f835b5ef4823c93"
  dependencies:
    "@material/line-ripple" "^0.38.0"
    classnames "^2.2.5"
    prop-types "^15.6.1"
    react "^16.3.2"

"@material/react-material-icon@^0.4.2":
  version "0.4.2"
  resolved "https://registry.yarnpkg.com/@material/react-material-icon/-/react-material-icon-0.4.2.tgz#a532c0739bed3c7fea9624fa9661659f9ef997db"
  dependencies:
    "@material/react-ripple" "^0.4.2"
    classnames "^2.2.5"
    prop-types "^15.6.1"
    react "^16.3.2"

"@material/react-notched-outline@^0.4.1":
  version "0.4.1"
  resolved "https://registry.yarnpkg.com/@material/react-notched-outline/-/react-notched-outline-0.4.1.tgz#3da419cb89e68fea8ca30ff2dba901657e974c97"
  dependencies:
    "@material/notched-outline" "^0.38.0"
    classnames "^2.2.5"
    prop-types "^15.6.1"
    react "^16.3.2"

"@material/react-ripple@^0.4.2":
  version "0.4.2"
  resolved "https://registry.yarnpkg.com/@material/react-ripple/-/react-ripple-0.4.2.tgz#1e57d42617433cc9f8955ac049367418a10410f0"
  dependencies:
    "@material/ripple" "^0.38.1"
    classnames "^2.2.5"
    prop-types "^15.6.1"
    react "^16.3.2"

"@material/react-select@^0.4.2":
  version "0.4.2"
  resolved "https://registry.yarnpkg.com/@material/react-select/-/react-select-0.4.2.tgz#1a33be24a4adf13c0a21563b07022af3b861865e"
  dependencies:
    "@material/react-floating-label" "^0.4.1"
    "@material/react-line-ripple" "^0.4.1"
    "@material/react-notched-outline" "^0.4.1"
    "@material/select" "^0.38.1"
    classnames "^2.2.5"
    prop-types "^15.6.1"
    react "^16.3.2"

"@material/react-text-field@^0.4.2":
  version "0.4.2"
  resolved "https://registry.yarnpkg.com/@material/react-text-field/-/react-text-field-0.4.2.tgz#909bb34054cc9c35468fde222ea81ec07032ed3a"
  dependencies:
    "@material/react-floating-label" "^0.4.1"
    "@material/react-line-ripple" "^0.4.1"
    "@material/react-notched-outline" "^0.4.1"
    "@material/textfield" "^0.38.1"
    classnames "^2.2.5"
    prop-types "^15.6.1"
    react "^16.3.2"

"@material/react-top-app-bar@^0.4.2":
  version "0.4.2"
  resolved "https://registry.yarnpkg.com/@material/react-top-app-bar/-/react-top-app-bar-0.4.2.tgz#54254b1fab7860a9881d690fe55c03490ac7a1d0"
  dependencies:
    "@material/top-app-bar" "^0.38.1"
    classnames "^2.2.5"
    prop-types "^15.6.1"
    react "^16.3.2"

"@material/ripple@^0.38.1":
  version "0.38.1"
  resolved "https://registry.yarnpkg.com/@material/ripple/-/ripple-0.38.1.tgz#74e61ed28e7680e0fd990fa50fa1949da456b3cb"
  dependencies:
    "@material/animation" "^0.34.0"
    "@material/base" "^0.35.0"
    "@material/theme" "^0.38.0"

"@material/ripple@^0.39.0", "@material/ripple@^0.39.3":
  version "0.39.3"
  resolved "https://registry.yarnpkg.com/@material/ripple/-/ripple-0.39.3.tgz#4ff7a8fec5d5206f0da72a78d026529b53b7d564"
  dependencies:
    "@material/animation" "^0.39.0"
    "@material/base" "^0.39.0"
    "@material/theme" "^0.39.1"

"@material/rtl@^0.36.0":
  version "0.36.0"
  resolved "https://registry.yarnpkg.com/@material/rtl/-/rtl-0.36.0.tgz#a81b587981dc6e09f51e26da8a7447f89358ccd5"

"@material/rtl@^0.39.1":
  version "0.39.1"
  resolved "https://registry.yarnpkg.com/@material/rtl/-/rtl-0.39.1.tgz#dcaf6f93fc6cd540137edb352139dc8139bca436"

"@material/select@^0.38.1":
  version "0.38.1"
  resolved "https://registry.yarnpkg.com/@material/select/-/select-0.38.1.tgz#149c1ddf5146dd6cec052e06b41638b28c7085ea"
  dependencies:
    "@material/animation" "^0.34.0"
    "@material/base" "^0.35.0"
    "@material/floating-label" "^0.38.0"
    "@material/line-ripple" "^0.38.0"
    "@material/notched-outline" "^0.38.0"
    "@material/ripple" "^0.38.1"
    "@material/rtl" "^0.36.0"
    "@material/theme" "^0.38.0"
    "@material/typography" "^0.38.0"

"@material/select@^0.39.1":
  version "0.39.3"
  resolved "https://registry.yarnpkg.com/@material/select/-/select-0.39.3.tgz#d4766ec463b00ded2c6424566fb824155d6efe8c"
  dependencies:
    "@material/animation" "^0.39.0"
    "@material/base" "^0.39.0"
    "@material/floating-label" "^0.39.1"
    "@material/line-ripple" "^0.39.3"
    "@material/notched-outline" "^0.39.1"
    "@material/ripple" "^0.39.3"
    "@material/rtl" "^0.39.1"
    "@material/theme" "^0.39.1"
    "@material/typography" "^0.39.0"

"@material/selection-control@^0.39.3":
  version "0.39.3"
  resolved "https://registry.yarnpkg.com/@material/selection-control/-/selection-control-0.39.3.tgz#2ccdb4e07a7446e462ead824796a8ef18cc27720"
  dependencies:
    "@material/ripple" "^0.39.3"

"@material/slider@^0.39.1":
  version "0.39.1"
  resolved "https://registry.yarnpkg.com/@material/slider/-/slider-0.39.1.tgz#3662f8a3bc9ae353d77b70ee921063162e03a255"
  dependencies:
    "@material/animation" "^0.39.0"
    "@material/base" "^0.39.0"
    "@material/rtl" "^0.39.1"
    "@material/theme" "^0.39.1"

"@material/switch@^0.39.1":
  version "0.39.3"
  resolved "https://registry.yarnpkg.com/@material/switch/-/switch-0.39.3.tgz#c7afdd2f13747e97ee3a7f223cedce84fe940fc1"
  dependencies:
    "@material/animation" "^0.39.0"
    "@material/base" "^0.39.0"
    "@material/elevation" "^0.39.1"
    "@material/ripple" "^0.39.3"
    "@material/rtl" "^0.39.1"
    "@material/selection-control" "^0.39.3"
    "@material/theme" "^0.39.1"

"@material/textfield@^0.38.1":
  version "0.38.1"
  resolved "https://registry.yarnpkg.com/@material/textfield/-/textfield-0.38.1.tgz#f0dc2d7b534a51845a84f71fbd8199b6cc0b5130"
  dependencies:
    "@material/animation" "^0.34.0"
    "@material/base" "^0.35.0"
    "@material/floating-label" "^0.38.0"
    "@material/line-ripple" "^0.38.0"
    "@material/notched-outline" "^0.38.0"
    "@material/ripple" "^0.38.1"
    "@material/rtl" "^0.36.0"
    "@material/theme" "^0.38.0"
    "@material/typography" "^0.38.0"

"@material/textfield@^0.39.1":
  version "0.39.3"
  resolved "https://registry.yarnpkg.com/@material/textfield/-/textfield-0.39.3.tgz#38520fad2615cceb0406d6e9b28f3afee749d7b1"
  dependencies:
    "@material/animation" "^0.39.0"
    "@material/base" "^0.39.0"
    "@material/floating-label" "^0.39.1"
    "@material/line-ripple" "^0.39.3"
    "@material/notched-outline" "^0.39.1"
    "@material/ripple" "^0.39.3"
    "@material/rtl" "^0.39.1"
    "@material/theme" "^0.39.1"
    "@material/typography" "^0.39.0"

"@material/theme@^0.38.0":
  version "0.38.0"
  resolved "https://registry.yarnpkg.com/@material/theme/-/theme-0.38.0.tgz#c1a2247eba4af2ba47da4456921ab420869fda55"

"@material/theme@^0.39.1":
  version "0.39.1"
  resolved "https://registry.yarnpkg.com/@material/theme/-/theme-0.39.1.tgz#5fb160222e2b213628b285af26ca65c6f4327fe5"

"@material/top-app-bar@^0.38.1":
  version "0.38.1"
  resolved "https://registry.yarnpkg.com/@material/top-app-bar/-/top-app-bar-0.38.1.tgz#e3dd6fa59c9510c99d311840272f6b93fca62e08"
  dependencies:
    "@material/animation" "^0.34.0"
    "@material/base" "^0.35.0"
    "@material/elevation" "^0.38.0"
    "@material/ripple" "^0.38.1"
    "@material/rtl" "^0.36.0"
    "@material/theme" "^0.38.0"
    "@material/typography" "^0.38.0"

"@material/typography@^0.38.0":
  version "0.38.0"
  resolved "https://registry.yarnpkg.com/@material/typography/-/typography-0.38.0.tgz#fff8e4f25c5ef7b0afb5ed414bc700981e431703"

"@material/typography@^0.39.0":
  version "0.39.0"
  resolved "https://registry.yarnpkg.com/@material/typography/-/typography-0.39.0.tgz#7d7468673e104609d926528ffe5571cfd44d8c3c"

"@types/react@^16.0.31":
  version "16.4.6"
  resolved "https://registry.yarnpkg.com/@types/react/-/react-16.4.6.tgz#5024957c6bcef4f02823accf5974faba2e54fada"
  dependencies:
    csstype "^2.2.0"

asap@~2.0.3:
  version "2.0.6"
  resolved "https://registry.yarnpkg.com/asap/-/asap-2.0.6.tgz#e50347611d7e690943208bbdafebcbc2fb866d46"

base64-js@^1.0.2:
  version "1.3.0"
  resolved "https://registry.yarnpkg.com/base64-js/-/base64-js-1.3.0.tgz#cab1e6118f051095e58b5281aea8c1cd22bfc0e3"

buffer@^5.0.3:
  version "5.2.1"
  resolved "https://registry.yarnpkg.com/buffer/-/buffer-5.2.1.tgz#dd57fa0f109ac59c602479044dca7b8b3d0b71d6"
  dependencies:
    base64-js "^1.0.2"
    ieee754 "^1.1.4"

classnames@^2.2.5:
  version "2.2.6"
  resolved "https://registry.yarnpkg.com/classnames/-/classnames-2.2.6.tgz#43935bffdd291f326dad0a205309b38d00f650ce"

core-js@^1.0.0:
  version "1.2.7"
  resolved "https://registry.yarnpkg.com/core-js/-/core-js-1.2.7.tgz#652294c14651db28fa93bd2d5ff2983a4f08c636"

css-color-keywords@^1.0.0:
  version "1.0.0"
  resolved "https://registry.yarnpkg.com/css-color-keywords/-/css-color-keywords-1.0.0.tgz#fea2616dc676b2962686b3af8dbdbe180b244e05"

css-to-react-native@^2.0.3:
  version "2.2.2"
  resolved "https://registry.yarnpkg.com/css-to-react-native/-/css-to-react-native-2.2.2.tgz#c077d0f7bf3e6c915a539e7325821c9dd01f9965"
  dependencies:
    css-color-keywords "^1.0.0"
    fbjs "^0.8.5"
    postcss-value-parser "^3.3.0"

csstype@^2.2.0:
  version "2.5.5"
  resolved "https://registry.yarnpkg.com/csstype/-/csstype-2.5.5.tgz#4125484a3d42189a863943f23b9e4b80fedfa106"

draft-js@0.10.4:
  version "0.10.4"
  resolved "https://registry.yarnpkg.com/draft-js/-/draft-js-0.10.4.tgz#147741642097c8120d8edc232e9503e8b7fb8d35"
  dependencies:
    fbjs "^0.8.15"
    immutable "~3.7.4"
    object-assign "^4.1.0"

encoding@^0.1.11:
  version "0.1.12"
  resolved "https://registry.yarnpkg.com/encoding/-/encoding-0.1.12.tgz#538b66f3ee62cd1ab51ec323829d1f9480c74beb"
  dependencies:
    iconv-lite "~0.4.13"

eventemitter3@^3.1.0:
  version "3.1.0"
  resolved "https://registry.yarnpkg.com/eventemitter3/-/eventemitter3-3.1.0.tgz#090b4d6cdbd645ed10bf750d4b5407942d7ba163"

fbjs@^0.8.15, fbjs@^0.8.16, fbjs@^0.8.5:
  version "0.8.17"
  resolved "https://registry.yarnpkg.com/fbjs/-/fbjs-0.8.17.tgz#c4d598ead6949112653d6588b01a5cdcd9f90fdd"
  dependencies:
    core-js "^1.0.0"
    isomorphic-fetch "^2.1.1"
    loose-envify "^1.0.0"
    object-assign "^4.1.0"
    promise "^7.1.1"
    setimmediate "^1.0.5"
    ua-parser-js "^0.7.18"

framer@^0.9.0:
  version "0.9.0"
  resolved "https://registry.yarnpkg.com/framer/-/framer-0.9.0.tgz#9852ffe5fc6972ff6682591538760688f398e964"
  dependencies:
    draft-js "0.10.4"
    eventemitter3 "^3.1.0"
    hsluv "^0.0.3"
    immutable "^3.8.2"

has-flag@^1.0.0:
  version "1.0.0"
  resolved "https://registry.yarnpkg.com/has-flag/-/has-flag-1.0.0.tgz#9d9e793165ce017a00f00418c43f942a7b1d11fa"

hoist-non-react-statics@^2.5.0:
  version "2.5.5"
  resolved "https://registry.yarnpkg.com/hoist-non-react-statics/-/hoist-non-react-statics-2.5.5.tgz#c5903cf409c0dfd908f388e619d86b9c1174cb47"

hsluv@^0.0.3:
  version "0.0.3"
  resolved "https://registry.yarnpkg.com/hsluv/-/hsluv-0.0.3.tgz#829107dafb4a9f8b52a1809ed02e091eade6754c"

iconv-lite@~0.4.13:
  version "0.4.24"
  resolved "https://registry.yarnpkg.com/iconv-lite/-/iconv-lite-0.4.24.tgz#2022b4b25fbddc21d2f524974a474aafe733908b"
  dependencies:
    safer-buffer ">= 2.1.2 < 3"

ieee754@^1.1.4:
  version "1.1.12"
  resolved "https://registry.yarnpkg.com/ieee754/-/ieee754-1.1.12.tgz#50bf24e5b9c8bb98af4964c941cdb0918da7b60b"

immutable@^3.8.2:
  version "3.8.2"
  resolved "https://registry.yarnpkg.com/immutable/-/immutable-3.8.2.tgz#c2439951455bb39913daf281376f1530e104adf3"

immutable@~3.7.4:
  version "3.7.6"
  resolved "https://registry.yarnpkg.com/immutable/-/immutable-3.7.6.tgz#13b4d3cb12befa15482a26fe1b2ebae640071e4b"

is-stream@^1.0.1:
  version "1.1.0"
  resolved "https://registry.yarnpkg.com/is-stream/-/is-stream-1.1.0.tgz#12d4a3dd4e68e0b79ceb8dbc84173ae80d91ca44"

isomorphic-fetch@^2.1.1:
  version "2.2.1"
  resolved "https://registry.yarnpkg.com/isomorphic-fetch/-/isomorphic-fetch-2.2.1.tgz#611ae1acf14f5e81f729507472819fe9733558a9"
  dependencies:
    node-fetch "^1.0.1"
    whatwg-fetch ">=0.10.0"

"js-tokens@^3.0.0 || ^4.0.0":
  version "4.0.0"
  resolved "https://registry.yarnpkg.com/js-tokens/-/js-tokens-4.0.0.tgz#19203fb59991df98e3a287050d4647cdeaf32499"

loose-envify@^1.0.0, loose-envify@^1.1.0, loose-envify@^1.3.1:
  version "1.4.0"
  resolved "https://registry.yarnpkg.com/loose-envify/-/loose-envify-1.4.0.tgz#71ee51fa7be4caec1a63839f7e682d8132d30caf"
  dependencies:
    js-tokens "^3.0.0 || ^4.0.0"

node-fetch@^1.0.1:
  version "1.7.3"
  resolved "https://registry.yarnpkg.com/node-fetch/-/node-fetch-1.7.3.tgz#980f6f72d85211a5347c6b2bc18c5b84c3eb47ef"
  dependencies:
    encoding "^0.1.11"
    is-stream "^1.0.1"

object-assign@^4.1.0, object-assign@^4.1.1:
  version "4.1.1"
  resolved "https://registry.yarnpkg.com/object-assign/-/object-assign-4.1.1.tgz#2109adc7965887cfc05cbbd442cac8bfbb360863"

postcss-value-parser@^3.3.0:
  version "3.3.1"
  resolved "https://registry.yarnpkg.com/postcss-value-parser/-/postcss-value-parser-3.3.1.tgz#9ff822547e2893213cf1c30efa51ac5fd1ba8281"

promise@^7.1.1:
  version "7.3.1"
  resolved "https://registry.yarnpkg.com/promise/-/promise-7.3.1.tgz#064b72602b18f90f29192b8b1bc418ffd1ebd3bf"
  dependencies:
    asap "~2.0.3"

prop-types@^15.5.4, prop-types@^15.6.1, prop-types@^15.6.2:
  version "15.6.2"
  resolved "https://registry.yarnpkg.com/prop-types/-/prop-types-15.6.2.tgz#05d5ca77b4453e985d60fc7ff8c859094a497102"
  dependencies:
    loose-envify "^1.3.1"
    object-assign "^4.1.1"

react-is@^16.3.1:
  version "16.6.0"
  resolved "https://registry.yarnpkg.com/react-is/-/react-is-16.6.0.tgz#456645144581a6e99f6816ae2bd24ee94bdd0c01"

react@^16.3.0, react@^16.3.2:
  version "16.6.0"
  resolved "https://registry.yarnpkg.com/react/-/react-16.6.0.tgz#b34761cfaf3e30f5508bc732fb4736730b7da246"
  dependencies:
    loose-envify "^1.1.0"
    object-assign "^4.1.1"
    prop-types "^15.6.2"
    scheduler "^0.10.0"

"safer-buffer@>= 2.1.2 < 3":
  version "2.1.2"
  resolved "https://registry.yarnpkg.com/safer-buffer/-/safer-buffer-2.1.2.tgz#44fa161b0187b9549dd84bb91802f9bd8385cd6a"

scheduler@^0.10.0:
  version "0.10.0"
  resolved "https://registry.yarnpkg.com/scheduler/-/scheduler-0.10.0.tgz#7988de90fe7edccc774ea175a783e69c40c521e1"
  dependencies:
    loose-envify "^1.1.0"
    object-assign "^4.1.1"

setimmediate@^1.0.5:
  version "1.0.5"
  resolved "https://registry.yarnpkg.com/setimmediate/-/setimmediate-1.0.5.tgz#290cbb232e306942d7d7ea9b83732ab7856f8285"

styled-components@^3.4.5:
  version "3.4.10"
  resolved "https://registry.yarnpkg.com/styled-components/-/styled-components-3.4.10.tgz#9a654c50ea2b516c36ade57ddcfa296bf85c96e1"
  dependencies:
    buffer "^5.0.3"
    css-to-react-native "^2.0.3"
    fbjs "^0.8.16"
    hoist-non-react-statics "^2.5.0"
    prop-types "^15.5.4"
    react-is "^16.3.1"
    stylis "^3.5.0"
    stylis-rule-sheet "^0.0.10"
    supports-color "^3.2.3"

stylis-rule-sheet@^0.0.10:
  version "0.0.10"
  resolved "https://registry.yarnpkg.com/stylis-rule-sheet/-/stylis-rule-sheet-0.0.10.tgz#44e64a2b076643f4b52e5ff71efc04d8c3c4a430"

stylis@^3.5.0:
  version "3.5.3"
  resolved "https://registry.yarnpkg.com/stylis/-/stylis-3.5.3.tgz#99fdc46afba6af4deff570825994181a5e6ce546"

supports-color@^3.2.3:
  version "3.2.3"
  resolved "https://registry.yarnpkg.com/supports-color/-/supports-color-3.2.3.tgz#65ac0504b3954171d8a64946b2ae3cbb8a5f54f6"
  dependencies:
    has-flag "^1.0.0"

ua-parser-js@^0.7.18:
  version "0.7.18"
  resolved "https://registry.yarnpkg.com/ua-parser-js/-/ua-parser-js-0.7.18.tgz#a7bfd92f56edfb117083b69e31d2aa8882d4b1ed"

whatwg-fetch@>=0.10.0:
  version "3.0.0"
  resolved "https://registry.yarnpkg.com/whatwg-fetch/-/whatwg-fetch-3.0.0.tgz#fc804e458cc460009b1a2b966bc8817d2578aefb"
